{
  "nodes": {
    "hytale-flake": {
      "inputs": {
        "nixpkgs": [
          "nixpkgs"
        ]
      },
      "locked": {
        "lastModified": 1781232700,
        "narHash": "sha256-IjpBIAHpk5/nZk1lbGdm9u4c+XRveKuEpqcmNjIlEU0=",
        "owner": "swagtop",
        "repo": "hytale-flake",
        "rev": "6dc0b1ac8fa2a161a38887e22f45c958f2efd5de",
        "type": "github"
      },
      "original": {
        "owner": "swagtop",
        "repo": "hytale-flake",
        "type": "github"
      }
    },
    "nixpkgs": {
      "locked": {
        "lastModified": 1781577229,
        "narHash": "sha256-lrp67w8AulE9Ks53n27I45ADSzbOCn4H+CNW1Ck8B+8=",
        "owner": "NixOS",
        "repo": "nixpkgs",
        "rev": "567a49d1913ce81ac6e9582e3553dd90a955875f",
        "type": "github"
      },
      "original": {
        "id": "nixpkgs",
        "ref": "nixos-unstable",
        "type": "indirect"
      }
    },
    "root": {
      "inputs": {
        "hytale-flake": "hytale-flake",
        "nixpkgs": "nixpkgs"
      }
    }
  },
  "root": "root",
  "version": 7
}
